// !$*UTF8*$!
{
	archiveVersion = 1;
	classes = {
	};
	objectVersion = 55;
	objects = {

/* Begin PBXBuildFile section */
		113F158F27DED95000D52C55 /* MoneyTrackerApp.swift in Sources */ = {isa = PBXBuildFile; fileRef = 113F158E27DED95000D52C55 /* MoneyTrackerApp.swift */; };
		113F159127DED95000D52C55 /* ContentView.swift in Sources */ = {isa = PBXBuildFile; fileRef = 113F159027DED95000D52C55 /* ContentView.swift */; };
		113F159327DED95200D52C55 /* Assets.xcassets in Resources */ = {isa = PBXBuildFile; fileRef = 113F159227DED95200D52C55 /* Assets.xcassets */; };
		113F159627DED95200D52C55 /* Preview Assets.xcassets in Resources */ = {isa = PBXBuildFile; fileRef = 113F159527DED95200D52C55 /* Preview Assets.xcassets */; };
		113F159827DED95200D52C55 /* Persistence.swift in Sources */ = {isa = PBXBuildFile; fileRef = 113F159727DED95200D52C55 /* Persistence.swift */; };
		113F159B27DED95200D52C55 /* MoneyTracker.xcdatamodeld in Sources */ = {isa = PBXBuildFile; fileRef = 113F159927DED95200D52C55 /* MoneyTracker.xcdatamodeld */; };
		113F15A527DED95200D52C55 /* MoneyTrackerTests.swift in Sources */ = {isa = PBXBuildFile; fileRef = 113F15A427DED95200D52C55 /* MoneyTrackerTests.swift */; };
		113F15AF27DED95200D52C55 /* MoneyTrackerUITests.swift in Sources */ = {isa = PBXBuildFile; fileRef = 113F15AE27DED95200D52C55 /* MoneyTrackerUITests.swift */; };
		113F15B127DED95200D52C55 /* MoneyTrackerUITestsLaunchTests.swift in Sources */ = {isa = PBXBuildFile; fileRef = 113F15B027DED95200D52C55 /* MoneyTrackerUITestsLaunchTests.swift */; };
		113F15BF27DEDB3100D52C55 /* Transaction.swift in Sources */ = {isa = PBXBuildFile; fileRef = 113F15BE27DEDB3100D52C55 /* Transaction.swift */; };
		113F15C127DEDB4A00D52C55 /* TransactionsContainer.swift in Sources */ = {isa = PBXBuildFile; fileRef = 113F15C027DEDB4A00D52C55 /* TransactionsContainer.swift */; };
		113F15C327DEDB7800D52C55 /* Category.swift in Sources */ = {isa = PBXBuildFile; fileRef = 113F15C227DEDB7800D52C55 /* Category.swift */; };
		113F15C527DEDB8E00D52C55 /* TransactionType.swift in Sources */ = {isa = PBXBuildFile; fileRef = 113F15C427DEDB8E00D52C55 /* TransactionType.swift */; };
		113F15C727DEDBA800D52C55 /* User.swift in Sources */ = {isa = PBXBuildFile; fileRef = 113F15C627DEDBA800D52C55 /* User.swift */; };
		113F15CA27DEDBF000D52C55 /* UserRemoteDataSource.swift in Sources */ = {isa = PBXBuildFile; fileRef = 113F15C927DEDBF000D52C55 /* UserRemoteDataSource.swift */; };
		113F15CC27DEDC3500D52C55 /* CategoryRemoteDataSource.swift in Sources */ = {isa = PBXBuildFile; fileRef = 113F15CB27DEDC3500D52C55 /* CategoryRemoteDataSource.swift */; };
		113F15CE27DEDC6E00D52C55 /* TransactionRemoteDataSource.swift in Sources */ = {isa = PBXBuildFile; fileRef = 113F15CD27DEDC6E00D52C55 /* TransactionRemoteDataSource.swift */; };
		113F15D127DEDCCF00D52C55 /* TransactionContainerRemoteDataSource.swift in Sources */ = {isa = PBXBuildFile; fileRef = 113F15D027DEDCCF00D52C55 /* TransactionContainerRemoteDataSource.swift */; };
		113F15D327DEDDCB00D52C55 /* GetAllTransactionsInteractor.swift in Sources */ = {isa = PBXBuildFile; fileRef = 113F15D227DEDDCB00D52C55 /* GetAllTransactionsInteractor.swift */; };
		113F15D527DEDE8F00D52C55 /* GetTransactionsFromContainerInteractor.swift in Sources */ = {isa = PBXBuildFile; fileRef = 113F15D427DEDE8F00D52C55 /* GetTransactionsFromContainerInteractor.swift */; };
		1152188C2812E37600E8DA5A /* FirebaseAnalytics in Frameworks */ = {isa = PBXBuildFile; productRef = 1152188B2812E37600E8DA5A /* FirebaseAnalytics */; };
		1152188E2812E37600E8DA5A /* FirebaseAnalyticsSwift-Beta in Frameworks */ = {isa = PBXBuildFile; productRef = 1152188D2812E37600E8DA5A /* FirebaseAnalyticsSwift-Beta */; };
		115218902812E37600E8DA5A /* FirebaseAuth in Frameworks */ = {isa = PBXBuildFile; productRef = 1152188F2812E37600E8DA5A /* FirebaseAuth */; };
		115218922812E37600E8DA5A /* FirebaseCrashlytics in Frameworks */ = {isa = PBXBuildFile; productRef = 115218912812E37600E8DA5A /* FirebaseCrashlytics */; };
		115218942812E37600E8DA5A /* FirebaseFirestore in Frameworks */ = {isa = PBXBuildFile; productRef = 115218932812E37600E8DA5A /* FirebaseFirestore */; };
		115218962812E37600E8DA5A /* FirebaseFirestoreSwift-Beta in Frameworks */ = {isa = PBXBuildFile; productRef = 115218952812E37600E8DA5A /* FirebaseFirestoreSwift-Beta */; };
		115218982812E37600E8DA5A /* FirebaseRemoteConfig in Frameworks */ = {isa = PBXBuildFile; productRef = 115218972812E37600E8DA5A /* FirebaseRemoteConfig */; };
		1152189A2812E37600E8DA5A /* FirebaseStorage in Frameworks */ = {isa = PBXBuildFile; productRef = 115218992812E37600E8DA5A /* FirebaseStorage */; };
		1152189C2812E37600E8DA5A /* FirebaseStorageSwift-Beta in Frameworks */ = {isa = PBXBuildFile; productRef = 1152189B2812E37600E8DA5A /* FirebaseStorageSwift-Beta */; };
		11801D8E27FCDAAD00D9AB4D /* GoogleService-Info.plist in Resources */ = {isa = PBXBuildFile; fileRef = 11801D8D27FCDAAD00D9AB4D /* GoogleService-Info.plist */; };
		11801D9227FCDB9C00D9AB4D /* LoginView.swift in Sources */ = {isa = PBXBuildFile; fileRef = 11801D9127FCDB9C00D9AB4D /* LoginView.swift */; };
		11801D9427FCDE8400D9AB4D /* LoginViewModel.swift in Sources */ = {isa = PBXBuildFile; fileRef = 11801D9327FCDE8400D9AB4D /* LoginViewModel.swift */; };
		11801D9727FDE16D00D9AB4D /* AuthenticateUserInteractor.swift in Sources */ = {isa = PBXBuildFile; fileRef = 11801D9627FDE16D00D9AB4D /* AuthenticateUserInteractor.swift */; };
		11801D9A27FDE30D00D9AB4D /* AuthenticateUserInteractorImpl.swift in Sources */ = {isa = PBXBuildFile; fileRef = 11801D9927FDE30D00D9AB4D /* AuthenticateUserInteractorImpl.swift */; };
		11801D9D27FDE36A00D9AB4D /* CurrentUserLocalDataSource.swift in Sources */ = {isa = PBXBuildFile; fileRef = 11801D9C27FDE36A00D9AB4D /* CurrentUserLocalDataSource.swift */; };
		11801DA027FDE37D00D9AB4D /* CurrentUserLocalDataSourceImpl.swift in Sources */ = {isa = PBXBuildFile; fileRef = 11801D9F27FDE37D00D9AB4D /* CurrentUserLocalDataSourceImpl.swift */; };
		118BCED627FCD1410057FF91 /* UserRemoteDataSourceImpl.swift in Sources */ = {isa = PBXBuildFile; fileRef = 118BCED527FCD1410057FF91 /* UserRemoteDataSourceImpl.swift */; };
		11F873AE280DD7090017DB9D /* CreateTransactionContainer.swift in Sources */ = {isa = PBXBuildFile; fileRef = 11F873AD280DD7090017DB9D /* CreateTransactionContainer.swift */; };
		11F873B0280DD7670017DB9D /* CreateTransactionContainerInteractor.swift in Sources */ = {isa = PBXBuildFile; fileRef = 11F873AF280DD7670017DB9D /* CreateTransactionContainerInteractor.swift */; };
		11F873B2280DDB370017DB9D /* CreateTransactionContainerViewModel.swift in Sources */ = {isa = PBXBuildFile; fileRef = 11F873B1280DDB370017DB9D /* CreateTransactionContainerViewModel.swift */; };
		11F873B4280DDC550017DB9D /* CreateTransactionContainerInteractorImpl.swift in Sources */ = {isa = PBXBuildFile; fileRef = 11F873B3280DDC550017DB9D /* CreateTransactionContainerInteractorImpl.swift */; };
		11F873B6280DDDCF0017DB9D /* TransactionsContainerRemoteDataSourceImpl.swift in Sources */ = {isa = PBXBuildFile; fileRef = 11F873B5280DDDCF0017DB9D /* TransactionsContainerRemoteDataSourceImpl.swift */; };
		11F873B8280DDE920017DB9D /* TransactionsContainerRemoteEntityMapper.swift in Sources */ = {isa = PBXBuildFile; fileRef = 11F873B7280DDE920017DB9D /* TransactionsContainerRemoteEntityMapper.swift */; };
		11F873BA280DDEBE0017DB9D /* TransactionsContainerRemoteEntity.swift in Sources */ = {isa = PBXBuildFile; fileRef = 11F873B9280DDEBE0017DB9D /* TransactionsContainerRemoteEntity.swift */; };
		11F873BC280DDF8F0017DB9D /* FirestoreDataBase.swift in Sources */ = {isa = PBXBuildFile; fileRef = 11F873BB280DDF8F0017DB9D /* FirestoreDataBase.swift */; };
/* End PBXBuildFile section */

/* Begin PBXContainerItemProxy section */
		113F15A127DED95200D52C55 /* PBXContainerItemProxy */ = {
			isa = PBXContainerItemProxy;
			containerPortal = 113F158327DED95000D52C55 /* Project object */;
			proxyType = 1;
			remoteGlobalIDString = 113F158A27DED95000D52C55;
			remoteInfo = MoneyTracker;
		};
		113F15AB27DED95200D52C55 /* PBXContainerItemProxy */ = {
			isa = PBXContainerItemProxy;
			containerPortal = 113F158327DED95000D52C55 /* Project object */;
			proxyType = 1;
			remoteGlobalIDString = 113F158A27DED95000D52C55;
			remoteInfo = MoneyTracker;
		};
/* End PBXContainerItemProxy section */

/* Begin PBXFileReference section */
		113F158B27DED95000D52C55 /* MoneyTracker.app */ = {isa = PBXFileReference; explicitFileType = wrapper.application; includeInIndex = 0; path = MoneyTracker.app; sourceTree = BUILT_PRODUCTS_DIR; };
		113F158E27DED95000D52C55 /* MoneyTrackerApp.swift */ = {isa = PBXFileReference; lastKnownFileType = sourcecode.swift; path = MoneyTrackerApp.swift; sourceTree = "<group>"; };
		113F159027DED95000D52C55 /* ContentView.swift */ = {isa = PBXFileReference; lastKnownFileType = sourcecode.swift; path = ContentView.swift; sourceTree = "<group>"; };
		113F159227DED95200D52C55 /* Assets.xcassets */ = {isa = PBXFileReference; lastKnownFileType = folder.assetcatalog; path = Assets.xcassets; sourceTree = "<group>"; };
		113F159527DED95200D52C55 /* Preview Assets.xcassets */ = {isa = PBXFileReference; lastKnownFileType = folder.assetcatalog; path = "Preview Assets.xcassets"; sourceTree = "<group>"; };
		113F159727DED95200D52C55 /* Persistence.swift */ = {isa = PBXFileReference; lastKnownFileType = sourcecode.swift; path = Persistence.swift; sourceTree = "<group>"; };
		113F159A27DED95200D52C55 /* MoneyTracker.xcdatamodel */ = {isa = PBXFileReference; lastKnownFileType = wrapper.xcdatamodel; path = MoneyTracker.xcdatamodel; sourceTree = "<group>"; };
		113F15A027DED95200D52C55 /* MoneyTrackerTests.xctest */ = {isa = PBXFileReference; explicitFileType = wrapper.cfbundle; includeInIndex = 0; path = MoneyTrackerTests.xctest; sourceTree = BUILT_PRODUCTS_DIR; };
		113F15A427DED95200D52C55 /* MoneyTrackerTests.swift */ = {isa = PBXFileReference; lastKnownFileType = sourcecode.swift; path = MoneyTrackerTests.swift; sourceTree = "<group>"; };
		113F15AA27DED95200D52C55 /* MoneyTrackerUITests.xctest */ = {isa = PBXFileReference; explicitFileType = wrapper.cfbundle; includeInIndex = 0; path = MoneyTrackerUITests.xctest; sourceTree = BUILT_PRODUCTS_DIR; };
		113F15AE27DED95200D52C55 /* MoneyTrackerUITests.swift */ = {isa = PBXFileReference; lastKnownFileType = sourcecode.swift; path = MoneyTrackerUITests.swift; sourceTree = "<group>"; };
		113F15B027DED95200D52C55 /* MoneyTrackerUITestsLaunchTests.swift */ = {isa = PBXFileReference; lastKnownFileType = sourcecode.swift; path = MoneyTrackerUITestsLaunchTests.swift; sourceTree = "<group>"; };
		113F15BE27DEDB3100D52C55 /* Transaction.swift */ = {isa = PBXFileReference; lastKnownFileType = sourcecode.swift; path = Transaction.swift; sourceTree = "<group>"; };
		113F15C027DEDB4A00D52C55 /* TransactionsContainer.swift */ = {isa = PBXFileReference; lastKnownFileType = sourcecode.swift; path = TransactionsContainer.swift; sourceTree = "<group>"; };
		113F15C227DEDB7800D52C55 /* Category.swift */ = {isa = PBXFileReference; lastKnownFileType = sourcecode.swift; path = Category.swift; sourceTree = "<group>"; };
		113F15C427DEDB8E00D52C55 /* TransactionType.swift */ = {isa = PBXFileReference; lastKnownFileType = sourcecode.swift; path = TransactionType.swift; sourceTree = "<group>"; };
		113F15C627DEDBA800D52C55 /* User.swift */ = {isa = PBXFileReference; lastKnownFileType = sourcecode.swift; path = User.swift; sourceTree = "<group>"; };
		113F15C927DEDBF000D52C55 /* UserRemoteDataSource.swift */ = {isa = PBXFileReference; lastKnownFileType = sourcecode.swift; path = UserRemoteDataSource.swift; sourceTree = "<group>"; };
		113F15CB27DEDC3500D52C55 /* CategoryRemoteDataSource.swift */ = {isa = PBXFileReference; lastKnownFileType = sourcecode.swift; path = CategoryRemoteDataSource.swift; sourceTree = "<group>"; };
		113F15CD27DEDC6E00D52C55 /* TransactionRemoteDataSource.swift */ = {isa = PBXFileReference; lastKnownFileType = sourcecode.swift; path = TransactionRemoteDataSource.swift; sourceTree = "<group>"; };
		113F15D027DEDCCF00D52C55 /* TransactionContainerRemoteDataSource.swift */ = {isa = PBXFileReference; lastKnownFileType = sourcecode.swift; path = TransactionContainerRemoteDataSource.swift; sourceTree = "<group>"; };
		113F15D227DEDDCB00D52C55 /* GetAllTransactionsInteractor.swift */ = {isa = PBXFileReference; lastKnownFileType = sourcecode.swift; path = GetAllTransactionsInteractor.swift; sourceTree = "<group>"; };
		113F15D427DEDE8F00D52C55 /* GetTransactionsFromContainerInteractor.swift */ = {isa = PBXFileReference; lastKnownFileType = sourcecode.swift; path = GetTransactionsFromContainerInteractor.swift; sourceTree = "<group>"; };
		11801D8D27FCDAAD00D9AB4D /* GoogleService-Info.plist */ = {isa = PBXFileReference; lastKnownFileType = text.plist.xml; path = "GoogleService-Info.plist"; sourceTree = SOURCE_ROOT; };
		11801D9127FCDB9C00D9AB4D /* LoginView.swift */ = {isa = PBXFileReference; lastKnownFileType = sourcecode.swift; path = LoginView.swift; sourceTree = "<group>"; };
		11801D9327FCDE8400D9AB4D /* LoginViewModel.swift */ = {isa = PBXFileReference; lastKnownFileType = sourcecode.swift; path = LoginViewModel.swift; sourceTree = "<group>"; };
		11801D9627FDE16D00D9AB4D /* AuthenticateUserInteractor.swift */ = {isa = PBXFileReference; lastKnownFileType = sourcecode.swift; path = AuthenticateUserInteractor.swift; sourceTree = "<group>"; };
		11801D9927FDE30D00D9AB4D /* AuthenticateUserInteractorImpl.swift */ = {isa = PBXFileReference; lastKnownFileType = sourcecode.swift; path = AuthenticateUserInteractorImpl.swift; sourceTree = "<group>"; };
		11801D9C27FDE36A00D9AB4D /* CurrentUserLocalDataSource.swift */ = {isa = PBXFileReference; lastKnownFileType = sourcecode.swift; path = CurrentUserLocalDataSource.swift; sourceTree = "<group>"; };
		11801D9F27FDE37D00D9AB4D /* CurrentUserLocalDataSourceImpl.swift */ = {isa = PBXFileReference; lastKnownFileType = sourcecode.swift; path = CurrentUserLocalDataSourceImpl.swift; sourceTree = "<group>"; };
		118BCED527FCD1410057FF91 /* UserRemoteDataSourceImpl.swift */ = {isa = PBXFileReference; lastKnownFileType = sourcecode.swift; path = UserRemoteDataSourceImpl.swift; sourceTree = "<group>"; };
		11F873AD280DD7090017DB9D /* CreateTransactionContainer.swift */ = {isa = PBXFileReference; lastKnownFileType = sourcecode.swift; path = CreateTransactionContainer.swift; sourceTree = "<group>"; };
		11F873AF280DD7670017DB9D /* CreateTransactionContainerInteractor.swift */ = {isa = PBXFileReference; lastKnownFileType = sourcecode.swift; path = CreateTransactionContainerInteractor.swift; sourceTree = "<group>"; };
		11F873B1280DDB370017DB9D /* CreateTransactionContainerViewModel.swift */ = {isa = PBXFileReference; lastKnownFileType = sourcecode.swift; path = CreateTransactionContainerViewModel.swift; sourceTree = "<group>"; };
		11F873B3280DDC550017DB9D /* CreateTransactionContainerInteractorImpl.swift */ = {isa = PBXFileReference; lastKnownFileType = sourcecode.swift; path = CreateTransactionContainerInteractorImpl.swift; sourceTree = "<group>"; };
		11F873B5280DDDCF0017DB9D /* TransactionsContainerRemoteDataSourceImpl.swift */ = {isa = PBXFileReference; lastKnownFileType = sourcecode.swift; path = TransactionsContainerRemoteDataSourceImpl.swift; sourceTree = "<group>"; };
		11F873B7280DDE920017DB9D /* TransactionsContainerRemoteEntityMapper.swift */ = {isa = PBXFileReference; lastKnownFileType = sourcecode.swift; path = TransactionsContainerRemoteEntityMapper.swift; sourceTree = "<group>"; };
		11F873B9280DDEBE0017DB9D /* TransactionsContainerRemoteEntity.swift */ = {isa = PBXFileReference; lastKnownFileType = sourcecode.swift; path = TransactionsContainerRemoteEntity.swift; sourceTree = "<group>"; };
		11F873BB280DDF8F0017DB9D /* FirestoreDataBase.swift */ = {isa = PBXFileReference; lastKnownFileType = sourcecode.swift; path = FirestoreDataBase.swift; sourceTree = "<group>"; };
/* End PBXFileReference section */

/* Begin PBXFrameworksBuildPhase section */
		113F158827DED95000D52C55 /* Frameworks */ = {
			isa = PBXFrameworksBuildPhase;
			buildActionMask = 2147483647;
			files = (
				1152188E2812E37600E8DA5A /* FirebaseAnalyticsSwift-Beta in Frameworks */,
				115218922812E37600E8DA5A /* FirebaseCrashlytics in Frameworks */,
				115218902812E37600E8DA5A /* FirebaseAuth in Frameworks */,
				115218982812E37600E8DA5A /* FirebaseRemoteConfig in Frameworks */,
				115218962812E37600E8DA5A /* FirebaseFirestoreSwift-Beta in Frameworks */,
				1152189C2812E37600E8DA5A /* FirebaseStorageSwift-Beta in Frameworks */,
				1152189A2812E37600E8DA5A /* FirebaseStorage in Frameworks */,
				115218942812E37600E8DA5A /* FirebaseFirestore in Frameworks */,
				1152188C2812E37600E8DA5A /* FirebaseAnalytics in Frameworks */,
			);
			runOnlyForDeploymentPostprocessing = 0;
		};
		113F159D27DED95200D52C55 /* Frameworks */ = {
			isa = PBXFrameworksBuildPhase;
			buildActionMask = 2147483647;
			files = (
			);
			runOnlyForDeploymentPostprocessing = 0;
		};
		113F15A727DED95200D52C55 /* Frameworks */ = {
			isa = PBXFrameworksBuildPhase;
			buildActionMask = 2147483647;
			files = (
			);
			runOnlyForDeploymentPostprocessing = 0;
		};
/* End PBXFrameworksBuildPhase section */

/* Begin PBXGroup section */
		113F158227DED95000D52C55 = {
			isa = PBXGroup;
			children = (
				113F158D27DED95000D52C55 /* MoneyTracker */,
				113F15A327DED95200D52C55 /* MoneyTrackerTests */,
				113F15AD27DED95200D52C55 /* MoneyTrackerUITests */,
				113F158C27DED95000D52C55 /* Products */,
			);
			sourceTree = "<group>";
		};
		113F158C27DED95000D52C55 /* Products */ = {
			isa = PBXGroup;
			children = (
				113F158B27DED95000D52C55 /* MoneyTracker.app */,
				113F15A027DED95200D52C55 /* MoneyTrackerTests.xctest */,
				113F15AA27DED95200D52C55 /* MoneyTrackerUITests.xctest */,
			);
			name = Products;
			sourceTree = "<group>";
		};
		113F158D27DED95000D52C55 /* MoneyTracker */ = {
			isa = PBXGroup;
			children = (
				11801D8F27FCDB7E00D9AB4D /* View */,
				11801D8D27FCDAAD00D9AB4D /* GoogleService-Info.plist */,
				113F15C827DEDBB400D52C55 /* Interactor */,
				113F15BD27DEDABF00D52C55 /* Data */,
				113F158E27DED95000D52C55 /* MoneyTrackerApp.swift */,
				113F159027DED95000D52C55 /* ContentView.swift */,
				113F159227DED95200D52C55 /* Assets.xcassets */,
				113F159727DED95200D52C55 /* Persistence.swift */,
				113F159927DED95200D52C55 /* MoneyTracker.xcdatamodeld */,
				113F159427DED95200D52C55 /* Preview Content */,
			);
			path = MoneyTracker;
			sourceTree = "<group>";
		};
		113F159427DED95200D52C55 /* Preview Content */ = {
			isa = PBXGroup;
			children = (
				113F159527DED95200D52C55 /* Preview Assets.xcassets */,
			);
			path = "Preview Content";
			sourceTree = "<group>";
		};
		113F15A327DED95200D52C55 /* MoneyTrackerTests */ = {
			isa = PBXGroup;
			children = (
				113F15A427DED95200D52C55 /* MoneyTrackerTests.swift */,
			);
			path = MoneyTrackerTests;
			sourceTree = "<group>";
		};
		113F15AD27DED95200D52C55 /* MoneyTrackerUITests */ = {
			isa = PBXGroup;
			children = (
				113F15AE27DED95200D52C55 /* MoneyTrackerUITests.swift */,
				113F15B027DED95200D52C55 /* MoneyTrackerUITestsLaunchTests.swift */,
			);
			path = MoneyTrackerUITests;
			sourceTree = "<group>";
		};
		113F15BD27DEDABF00D52C55 /* Data */ = {
			isa = PBXGroup;
			children = (
				113F15BE27DEDB3100D52C55 /* Transaction.swift */,
				113F15C027DEDB4A00D52C55 /* TransactionsContainer.swift */,
				113F15C227DEDB7800D52C55 /* Category.swift */,
				113F15C427DEDB8E00D52C55 /* TransactionType.swift */,
				113F15C627DEDBA800D52C55 /* User.swift */,
			);
			path = Data;
			sourceTree = "<group>";
		};
		113F15C827DEDBB400D52C55 /* Interactor */ = {
			isa = PBXGroup;
			children = (
				11801D9B27FDE35400D9AB4D /* LocalDataSource */,
				11801D9527FDE11300D9AB4D /* Interactors */,
				113F15CF27DEDC9A00D52C55 /* RemoteDataSource */,
				113F15D227DEDDCB00D52C55 /* GetAllTransactionsInteractor.swift */,
				113F15D427DEDE8F00D52C55 /* GetTransactionsFromContainerInteractor.swift */,
			);
			path = Interactor;
			sourceTree = "<group>";
		};
		113F15CF27DEDC9A00D52C55 /* RemoteDataSource */ = {
			isa = PBXGroup;
			children = (
				118BCED427FCD1270057FF91 /* Implementation */,
				113F15C927DEDBF000D52C55 /* UserRemoteDataSource.swift */,
				113F15CB27DEDC3500D52C55 /* CategoryRemoteDataSource.swift */,
				113F15CD27DEDC6E00D52C55 /* TransactionRemoteDataSource.swift */,
				113F15D027DEDCCF00D52C55 /* TransactionContainerRemoteDataSource.swift */,
			);
			path = RemoteDataSource;
			sourceTree = "<group>";
		};
		11801D8F27FCDB7E00D9AB4D /* View */ = {
			isa = PBXGroup;
			children = (
				11801D9027FCDB8800D9AB4D /* Login */,
				11F873AD280DD7090017DB9D /* CreateTransactionContainer.swift */,
				11F873B1280DDB370017DB9D /* CreateTransactionContainerViewModel.swift */,
			);
			path = View;
			sourceTree = "<group>";
		};
		11801D9027FCDB8800D9AB4D /* Login */ = {
			isa = PBXGroup;
			children = (
				11801D9127FCDB9C00D9AB4D /* LoginView.swift */,
				11801D9327FCDE8400D9AB4D /* LoginViewModel.swift */,
			);
			path = Login;
			sourceTree = "<group>";
		};
		11801D9527FDE11300D9AB4D /* Interactors */ = {
			isa = PBXGroup;
			children = (
				11801D9827FDE2FD00D9AB4D /* Impl */,
				11801D9627FDE16D00D9AB4D /* AuthenticateUserInteractor.swift */,
				11F873AF280DD7670017DB9D /* CreateTransactionContainerInteractor.swift */,
			);
			path = Interactors;
			sourceTree = "<group>";
		};
		11801D9827FDE2FD00D9AB4D /* Impl */ = {
			isa = PBXGroup;
			children = (
				11801D9927FDE30D00D9AB4D /* AuthenticateUserInteractorImpl.swift */,
				11F873B3280DDC550017DB9D /* CreateTransactionContainerInteractorImpl.swift */,
			);
			path = Impl;
			sourceTree = "<group>";
		};
		11801D9B27FDE35400D9AB4D /* LocalDataSource */ = {
			isa = PBXGroup;
			children = (
				11801D9E27FDE37000D9AB4D /* Impl */,
				11801D9C27FDE36A00D9AB4D /* CurrentUserLocalDataSource.swift */,
			);
			path = LocalDataSource;
			sourceTree = "<group>";
		};
		11801D9E27FDE37000D9AB4D /* Impl */ = {
			isa = PBXGroup;
			children = (
				11801D9F27FDE37D00D9AB4D /* CurrentUserLocalDataSourceImpl.swift */,
			);
			path = Impl;
			sourceTree = "<group>";
		};
		118BCED427FCD1270057FF91 /* Implementation */ = {
			isa = PBXGroup;
			children = (
				118BCED527FCD1410057FF91 /* UserRemoteDataSourceImpl.swift */,
				11F873B5280DDDCF0017DB9D /* TransactionsContainerRemoteDataSourceImpl.swift */,
				11F873B7280DDE920017DB9D /* TransactionsContainerRemoteEntityMapper.swift */,
				11F873B9280DDEBE0017DB9D /* TransactionsContainerRemoteEntity.swift */,
				11F873BB280DDF8F0017DB9D /* FirestoreDataBase.swift */,
			);
			path = Implementation;
			sourceTree = "<group>";
		};
/* End PBXGroup section */

/* Begin PBXNativeTarget section */
		113F158A27DED95000D52C55 /* MoneyTracker */ = {
			isa = PBXNativeTarget;
			buildConfigurationList = 113F15B427DED95200D52C55 /* Build configuration list for PBXNativeTarget "MoneyTracker" */;
			buildPhases = (
				113F158727DED95000D52C55 /* Sources */,
				113F158827DED95000D52C55 /* Frameworks */,
				113F158927DED95000D52C55 /* Resources */,
			);
			buildRules = (
			);
			dependencies = (
			);
			name = MoneyTracker;
			packageProductDependencies = (
				1152188B2812E37600E8DA5A /* FirebaseAnalytics */,
				1152188D2812E37600E8DA5A /* FirebaseAnalyticsSwift-Beta */,
				1152188F2812E37600E8DA5A /* FirebaseAuth */,
				115218912812E37600E8DA5A /* FirebaseCrashlytics */,
				115218932812E37600E8DA5A /* FirebaseFirestore */,
				115218952812E37600E8DA5A /* FirebaseFirestoreSwift-Beta */,
				115218972812E37600E8DA5A /* FirebaseRemoteConfig */,
				115218992812E37600E8DA5A /* FirebaseStorage */,
				1152189B2812E37600E8DA5A /* FirebaseStorageSwift-Beta */,
			);
			productName = MoneyTracker;
			productReference = 113F158B27DED95000D52C55 /* MoneyTracker.app */;
			productType = "com.apple.product-type.application";
		};
		113F159F27DED95200D52C55 /* MoneyTrackerTests */ = {
			isa = PBXNativeTarget;
			buildConfigurationList = 113F15B727DED95200D52C55 /* Build configuration list for PBXNativeTarget "MoneyTrackerTests" */;
			buildPhases = (
				113F159C27DED95200D52C55 /* Sources */,
				113F159D27DED95200D52C55 /* Frameworks */,
				113F159E27DED95200D52C55 /* Resources */,
			);
			buildRules = (
			);
			dependencies = (
				113F15A227DED95200D52C55 /* PBXTargetDependency */,
			);
			name = MoneyTrackerTests;
			productName = MoneyTrackerTests;
			productReference = 113F15A027DED95200D52C55 /* MoneyTrackerTests.xctest */;
			productType = "com.apple.product-type.bundle.unit-test";
		};
		113F15A927DED95200D52C55 /* MoneyTrackerUITests */ = {
			isa = PBXNativeTarget;
			buildConfigurationList = 113F15BA27DED95200D52C55 /* Build configuration list for PBXNativeTarget "MoneyTrackerUITests" */;
			buildPhases = (
				113F15A627DED95200D52C55 /* Sources */,
				113F15A727DED95200D52C55 /* Frameworks */,
				113F15A827DED95200D52C55 /* Resources */,
			);
			buildRules = (
			);
			dependencies = (
				113F15AC27DED95200D52C55 /* PBXTargetDependency */,
			);
			name = MoneyTrackerUITests;
			productName = MoneyTrackerUITests;
			productReference = 113F15AA27DED95200D52C55 /* MoneyTrackerUITests.xctest */;
			productType = "com.apple.product-type.bundle.ui-testing";
		};
/* End PBXNativeTarget section */

/* Begin PBXProject section */
		113F158327DED95000D52C55 /* Project object */ = {
			isa = PBXProject;
			attributes = {
				BuildIndependentTargetsInParallel = 1;
				LastSwiftUpdateCheck = 1320;
				LastUpgradeCheck = 1320;
				TargetAttributes = {
					113F158A27DED95000D52C55 = {
						CreatedOnToolsVersion = 13.2.1;
					};
					113F159F27DED95200D52C55 = {
						CreatedOnToolsVersion = 13.2.1;
						TestTargetID = 113F158A27DED95000D52C55;
					};
					113F15A927DED95200D52C55 = {
						CreatedOnToolsVersion = 13.2.1;
						TestTargetID = 113F158A27DED95000D52C55;
					};
				};
			};
			buildConfigurationList = 113F158627DED95000D52C55 /* Build configuration list for PBXProject "MoneyTracker" */;
			compatibilityVersion = "Xcode 13.0";
			developmentRegion = en;
			hasScannedForEncodings = 0;
			knownRegions = (
				en,
				Base,
			);
			mainGroup = 113F158227DED95000D52C55;
			packageReferences = (
				1152188A2812E37600E8DA5A /* XCRemoteSwiftPackageReference "firebase-ios-sdk" */,
			);
			productRefGroup = 113F158C27DED95000D52C55 /* Products */;
			projectDirPath = "";
			projectRoot = "";
			targets = (
				113F158A27DED95000D52C55 /* MoneyTracker */,
				113F159F27DED95200D52C55 /* MoneyTrackerTests */,
				113F15A927DED95200D52C55 /* MoneyTrackerUITests */,
			);
		};
/* End PBXProject section */

/* Begin PBXResourcesBuildPhase section */
		113F158927DED95000D52C55 /* Resources */ = {
			isa = PBXResourcesBuildPhase;
			buildActionMask = 2147483647;
			files = (
				113F159627DED95200D52C55 /* Preview Assets.xcassets in Resources */,
				113F159327DED95200D52C55 /* Assets.xcassets in Resources */,
				11801D8E27FCDAAD00D9AB4D /* GoogleService-Info.plist in Resources */,
			);
			runOnlyForDeploymentPostprocessing = 0;
		};
		113F159E27DED95200D52C55 /* Resources */ = {
			isa = PBXResourcesBuildPhase;
			buildActionMask = 2147483647;
			files = (
			);
			runOnlyForDeploymentPostprocessing = 0;
		};
		113F15A827DED95200D52C55 /* Resources */ = {
			isa = PBXResourcesBuildPhase;
			buildActionMask = 2147483647;
			files = (
			);
			runOnlyForDeploymentPostprocessing = 0;
		};
/* End PBXResourcesBuildPhase section */

/* Begin PBXSourcesBuildPhase section */
		113F158727DED95000D52C55 /* Sources */ = {
			isa = PBXSourcesBuildPhase;
			buildActionMask = 2147483647;
			files = (
				113F15D327DEDDCB00D52C55 /* GetAllTransactionsInteractor.swift in Sources */,
				11F873AE280DD7090017DB9D /* CreateTransactionContainer.swift in Sources */,
				118BCED627FCD1410057FF91 /* UserRemoteDataSourceImpl.swift in Sources */,
				113F15D127DEDCCF00D52C55 /* TransactionContainerRemoteDataSource.swift in Sources */,
				113F15C527DEDB8E00D52C55 /* TransactionType.swift in Sources */,
				11F873B4280DDC550017DB9D /* CreateTransactionContainerInteractorImpl.swift in Sources */,
				11F873BA280DDEBE0017DB9D /* TransactionsContainerRemoteEntity.swift in Sources */,
				11F873B0280DD7670017DB9D /* CreateTransactionContainerInteractor.swift in Sources */,
				113F15C127DEDB4A00D52C55 /* TransactionsContainer.swift in Sources */,
				113F159827DED95200D52C55 /* Persistence.swift in Sources */,
				11F873B2280DDB370017DB9D /* CreateTransactionContainerViewModel.swift in Sources */,
				11801D9A27FDE30D00D9AB4D /* AuthenticateUserInteractorImpl.swift in Sources */,
				113F15CE27DEDC6E00D52C55 /* TransactionRemoteDataSource.swift in Sources */,
				11801D9727FDE16D00D9AB4D /* AuthenticateUserInteractor.swift in Sources */,
				113F159B27DED95200D52C55 /* MoneyTracker.xcdatamodeld in Sources */,
				11801D9427FCDE8400D9AB4D /* LoginViewModel.swift in Sources */,
				11801DA027FDE37D00D9AB4D /* CurrentUserLocalDataSourceImpl.swift in Sources */,
				113F159127DED95000D52C55 /* ContentView.swift in Sources */,
				113F15C727DEDBA800D52C55 /* User.swift in Sources */,
				11F873B8280DDE920017DB9D /* TransactionsContainerRemoteEntityMapper.swift in Sources */,
				11F873BC280DDF8F0017DB9D /* FirestoreDataBase.swift in Sources */,
				11801D9227FCDB9C00D9AB4D /* LoginView.swift in Sources */,
				113F158F27DED95000D52C55 /* MoneyTrackerApp.swift in Sources */,
				113F15D527DEDE8F00D52C55 /* GetTransactionsFromContainerInteractor.swift in Sources */,
				113F15BF27DEDB3100D52C55 /* Transaction.swift in Sources */,
				11801D9D27FDE36A00D9AB4D /* CurrentUserLocalDataSource.swift in Sources */,
				113F15CC27DEDC3500D52C55 /* CategoryRemoteDataSource.swift in Sources */,
				113F15C327DEDB7800D52C55 /* Category.swift in Sources */,
				11F873B6280DDDCF0017DB9D /* TransactionsContainerRemoteDataSourceImpl.swift in Sources */,
				113F15CA27DEDBF000D52C55 /* UserRemoteDataSource.swift in Sources */,
			);
			runOnlyForDeploymentPostprocessing = 0;
		};
		113F159C27DED95200D52C55 /* Sources */ = {
			isa = PBXSourcesBuildPhase;
			buildActionMask = 2147483647;
			files = (
				113F15A527DED95200D52C55 /* MoneyTrackerTests.swift in Sources */,
			);
			runOnlyForDeploymentPostprocessing = 0;
		};
		113F15A627DED95200D52C55 /* Sources */ = {
			isa = PBXSourcesBuildPhase;
			buildActionMask = 2147483647;
			files = (
				113F15B127DED95200D52C55 /* MoneyTrackerUITestsLaunchTests.swift in Sources */,
				113F15AF27DED95200D52C55 /* MoneyTrackerUITests.swift in Sources */,
			);
			runOnlyForDeploymentPostprocessing = 0;
		};
/* End PBXSourcesBuildPhase section */

/* Begin PBXTargetDependency section */
		113F15A227DED95200D52C55 /* PBXTargetDependency */ = {
			isa = PBXTargetDependency;
			target = 113F158A27DED95000D52C55 /* MoneyTracker */;
			targetProxy = 113F15A127DED95200D52C55 /* PBXContainerItemProxy */;
		};
		113F15AC27DED95200D52C55 /* PBXTargetDependency */ = {
			isa = PBXTargetDependency;
			target = 113F158A27DED95000D52C55 /* MoneyTracker */;
			targetProxy = 113F15AB27DED95200D52C55 /* PBXContainerItemProxy */;
		};
/* End PBXTargetDependency section */

/* Begin XCBuildConfiguration section */
		113F15B227DED95200D52C55 /* Debug */ = {
			isa = XCBuildConfiguration;
			buildSettings = {
				ALWAYS_SEARCH_USER_PATHS = NO;
				CLANG_ANALYZER_NONNULL = YES;
				CLANG_ANALYZER_NUMBER_OBJECT_CONVERSION = YES_AGGRESSIVE;
				CLANG_CXX_LANGUAGE_STANDARD = "gnu++17";
				CLANG_CXX_LIBRARY = "libc++";
				CLANG_ENABLE_MODULES = YES;
				CLANG_ENABLE_OBJC_ARC = YES;
				CLANG_ENABLE_OBJC_WEAK = YES;
				CLANG_WARN_BLOCK_CAPTURE_AUTORELEASING = YES;
				CLANG_WARN_BOOL_CONVERSION = YES;
				CLANG_WARN_COMMA = YES;
				CLANG_WARN_CONSTANT_CONVERSION = YES;
				CLANG_WARN_DEPRECATED_OBJC_IMPLEMENTATIONS = YES;
				CLANG_WARN_DIRECT_OBJC_ISA_USAGE = YES_ERROR;
				CLANG_WARN_DOCUMENTATION_COMMENTS = YES;
				CLANG_WARN_EMPTY_BODY = YES;
				CLANG_WARN_ENUM_CONVERSION = YES;
				CLANG_WARN_INFINITE_RECURSION = YES;
				CLANG_WARN_INT_CONVERSION = YES;
				CLANG_WARN_NON_LITERAL_NULL_CONVERSION = YES;
				CLANG_WARN_OBJC_IMPLICIT_RETAIN_SELF = YES;
				CLANG_WARN_OBJC_LITERAL_CONVERSION = YES;
				CLANG_WARN_OBJC_ROOT_CLASS = YES_ERROR;
				CLANG_WARN_QUOTED_INCLUDE_IN_FRAMEWORK_HEADER = YES;
				CLANG_WARN_RANGE_LOOP_ANALYSIS = YES;
				CLANG_WARN_STRICT_PROTOTYPES = YES;
				CLANG_WARN_SUSPICIOUS_MOVE = YES;
				CLANG_WARN_UNGUARDED_AVAILABILITY = YES_AGGRESSIVE;
				CLANG_WARN_UNREACHABLE_CODE = YES;
				CLANG_WARN__DUPLICATE_METHOD_MATCH = YES;
				COPY_PHASE_STRIP = NO;
				DEBUG_INFORMATION_FORMAT = dwarf;
				ENABLE_STRICT_OBJC_MSGSEND = YES;
				ENABLE_TESTABILITY = YES;
				GCC_C_LANGUAGE_STANDARD = gnu11;
				GCC_DYNAMIC_NO_PIC = NO;
				GCC_NO_COMMON_BLOCKS = YES;
				GCC_OPTIMIZATION_LEVEL = 0;
				GCC_PREPROCESSOR_DEFINITIONS = (
					"DEBUG=1",
					"$(inherited)",
				);
				GCC_WARN_64_TO_32_BIT_CONVERSION = YES;
				GCC_WARN_ABOUT_RETURN_TYPE = YES_ERROR;
				GCC_WARN_UNDECLARED_SELECTOR = YES;
				GCC_WARN_UNINITIALIZED_AUTOS = YES_AGGRESSIVE;
				GCC_WARN_UNUSED_FUNCTION = YES;
				GCC_WARN_UNUSED_VARIABLE = YES;
				IPHONEOS_DEPLOYMENT_TARGET = 15.2;
				MTL_ENABLE_DEBUG_INFO = INCLUDE_SOURCE;
				MTL_FAST_MATH = YES;
				ONLY_ACTIVE_ARCH = YES;
				SDKROOT = iphoneos;
				SWIFT_ACTIVE_COMPILATION_CONDITIONS = DEBUG;
				SWIFT_OPTIMIZATION_LEVEL = "-Onone";
			};
			name = Debug;
		};
		113F15B327DED95200D52C55 /* Release */ = {
			isa = XCBuildConfiguration;
			buildSettings = {
				ALWAYS_SEARCH_USER_PATHS = NO;
				CLANG_ANALYZER_NONNULL = YES;
				CLANG_ANALYZER_NUMBER_OBJECT_CONVERSION = YES_AGGRESSIVE;
				CLANG_CXX_LANGUAGE_STANDARD = "gnu++17";
				CLANG_CXX_LIBRARY = "libc++";
				CLANG_ENABLE_MODULES = YES;
				CLANG_ENABLE_OBJC_ARC = YES;
				CLANG_ENABLE_OBJC_WEAK = YES;
				CLANG_WARN_BLOCK_CAPTURE_AUTORELEASING = YES;
				CLANG_WARN_BOOL_CONVERSION = YES;
				CLANG_WARN_COMMA = YES;
				CLANG_WARN_CONSTANT_CONVERSION = YES;
				CLANG_WARN_DEPRECATED_OBJC_IMPLEMENTATIONS = YES;
				CLANG_WARN_DIRECT_OBJC_ISA_USAGE = YES_ERROR;
				CLANG_WARN_DOCUMENTATION_COMMENTS = YES;
				CLANG_WARN_EMPTY_BODY = YES;
				CLANG_WARN_ENUM_CONVERSION = YES;
				CLANG_WARN_INFINITE_RECURSION = YES;
				CLANG_WARN_INT_CONVERSION = YES;
				CLANG_WARN_NON_LITERAL_NULL_CONVERSION = YES;
				CLANG_WARN_OBJC_IMPLICIT_RETAIN_SELF = YES;
				CLANG_WARN_OBJC_LITERAL_CONVERSION = YES;
				CLANG_WARN_OBJC_ROOT_CLASS = YES_ERROR;
				CLANG_WARN_QUOTED_INCLUDE_IN_FRAMEWORK_HEADER = YES;
				CLANG_WARN_RANGE_LOOP_ANALYSIS = YES;
				CLANG_WARN_STRICT_PROTOTYPES = YES;
				CLANG_WARN_SUSPICIOUS_MOVE = YES;
				CLANG_WARN_UNGUARDED_AVAILABILITY = YES_AGGRESSIVE;
				CLANG_WARN_UNREACHABLE_CODE = YES;
				CLANG_WARN__DUPLICATE_METHOD_MATCH = YES;
				COPY_PHASE_STRIP = NO;
				DEBUG_INFORMATION_FORMAT = "dwarf-with-dsym";
				ENABLE_NS_ASSERTIONS = NO;
				ENABLE_STRICT_OBJC_MSGSEND = YES;
				GCC_C_LANGUAGE_STANDARD = gnu11;
				GCC_NO_COMMON_BLOCKS = YES;
				GCC_WARN_64_TO_32_BIT_CONVERSION = YES;
				GCC_WARN_ABOUT_RETURN_TYPE = YES_ERROR;
				GCC_WARN_UNDECLARED_SELECTOR = YES;
				GCC_WARN_UNINITIALIZED_AUTOS = YES_AGGRESSIVE;
				GCC_WARN_UNUSED_FUNCTION = YES;
				GCC_WARN_UNUSED_VARIABLE = YES;
				IPHONEOS_DEPLOYMENT_TARGET = 15.2;
				MTL_ENABLE_DEBUG_INFO = NO;
				MTL_FAST_MATH = YES;
				SDKROOT = iphoneos;
				SWIFT_COMPILATION_MODE = wholemodule;
				SWIFT_OPTIMIZATION_LEVEL = "-O";
				VALIDATE_PRODUCT = YES;
			};
			name = Release;
		};
		113F15B527DED95200D52C55 /* Debug */ = {
			isa = XCBuildConfiguration;
			buildSettings = {
				ASSETCATALOG_COMPILER_APPICON_NAME = AppIcon;
				ASSETCATALOG_COMPILER_GLOBAL_ACCENT_COLOR_NAME = AccentColor;
				CODE_SIGN_STYLE = Automatic;
				CURRENT_PROJECT_VERSION = 1;
				DEVELOPMENT_ASSET_PATHS = "\"MoneyTracker/Preview Content\"";
				DEVELOPMENT_TEAM = 3JF6M2L57N;
				ENABLE_PREVIEWS = YES;
				GENERATE_INFOPLIST_FILE = YES;
				INFOPLIST_KEY_UIApplicationSceneManifest_Generation = YES;
				INFOPLIST_KEY_UIApplicationSupportsIndirectInputEvents = YES;
				INFOPLIST_KEY_UILaunchScreen_Generation = YES;
				INFOPLIST_KEY_UISupportedInterfaceOrientations_iPad = "UIInterfaceOrientationPortrait UIInterfaceOrientationPortraitUpsideDown UIInterfaceOrientationLandscapeLeft UIInterfaceOrientationLandscapeRight";
				INFOPLIST_KEY_UISupportedInterfaceOrientations_iPhone = "UIInterfaceOrientationPortrait UIInterfaceOrientationLandscapeLeft UIInterfaceOrientationLandscapeRight";
				LD_RUNPATH_SEARCH_PATHS = (
					"$(inherited)",
					"@executable_path/Frameworks",
				);
				MARKETING_VERSION = 1.0;
				PRODUCT_BUNDLE_IDENTIFIER = com.ching.MoneyTracker;
				PRODUCT_NAME = "$(TARGET_NAME)";
				SWIFT_EMIT_LOC_STRINGS = YES;
				SWIFT_VERSION = 5.0;
				TARGETED_DEVICE_FAMILY = "1,2";
			};
			name = Debug;
		};
		113F15B627DED95200D52C55 /* Release */ = {
			isa = XCBuildConfiguration;
			buildSettings = {
				ASSETCATALOG_COMPILER_APPICON_NAME = AppIcon;
				ASSETCATALOG_COMPILER_GLOBAL_ACCENT_COLOR_NAME = AccentColor;
				CODE_SIGN_STYLE = Automatic;
				CURRENT_PROJECT_VERSION = 1;
				DEVELOPMENT_ASSET_PATHS = "\"MoneyTracker/Preview Content\"";
				DEVELOPMENT_TEAM = 3JF6M2L57N;
				ENABLE_PREVIEWS = YES;
				GENERATE_INFOPLIST_FILE = YES;
				INFOPLIST_KEY_UIApplicationSceneManifest_Generation = YES;
				INFOPLIST_KEY_UIApplicationSupportsIndirectInputEvents = YES;
				INFOPLIST_KEY_UILaunchScreen_Generation = YES;
				INFOPLIST_KEY_UISupportedInterfaceOrientations_iPad = "UIInterfaceOrientationPortrait UIInterfaceOrientationPortraitUpsideDown UIInterfaceOrientationLandscapeLeft UIInterfaceOrientationLandscapeRight";
				INFOPLIST_KEY_UISupportedInterfaceOrientations_iPhone = "UIInterfaceOrientationPortrait UIInterfaceOrientationLandscapeLeft UIInterfaceOrientationLandscapeRight";
				LD_RUNPATH_SEARCH_PATHS = (
					"$(inherited)",
					"@executable_path/Frameworks",
				);
				MARKETING_VERSION = 1.0;
				PRODUCT_BUNDLE_IDENTIFIER = com.ching.MoneyTracker;
				PRODUCT_NAME = "$(TARGET_NAME)";
				SWIFT_EMIT_LOC_STRINGS = YES;
				SWIFT_VERSION = 5.0;
				TARGETED_DEVICE_FAMILY = "1,2";
			};
			name = Release;
		};
		113F15B827DED95200D52C55 /* Debug */ = {
			isa = XCBuildConfiguration;
			buildSettings = {
				ALWAYS_EMBED_SWIFT_STANDARD_LIBRARIES = YES;
				BUNDLE_LOADER = "$(TEST_HOST)";
				CODE_SIGN_STYLE = Automatic;
				CURRENT_PROJECT_VERSION = 1;
				DEVELOPMENT_TEAM = 3JF6M2L57N;
				GENERATE_INFOPLIST_FILE = YES;
				IPHONEOS_DEPLOYMENT_TARGET = 15.2;
				MARKETING_VERSION = 1.0;
				PRODUCT_BUNDLE_IDENTIFIER = com.ching.MoneyTrackerTests;
				PRODUCT_NAME = "$(TARGET_NAME)";
				SWIFT_EMIT_LOC_STRINGS = NO;
				SWIFT_VERSION = 5.0;
				TARGETED_DEVICE_FAMILY = "1,2";
				TEST_HOST = "$(BUILT_PRODUCTS_DIR)/MoneyTracker.app/MoneyTracker";
			};
			name = Debug;
		};
		113F15B927DED95200D52C55 /* Release */ = {
			isa = XCBuildConfiguration;
			buildSettings = {
				ALWAYS_EMBED_SWIFT_STANDARD_LIBRARIES = YES;
				BUNDLE_LOADER = "$(TEST_HOST)";
				CODE_SIGN_STYLE = Automatic;
				CURRENT_PROJECT_VERSION = 1;
				DEVELOPMENT_TEAM = 3JF6M2L57N;
				GENERATE_INFOPLIST_FILE = YES;
				IPHONEOS_DEPLOYMENT_TARGET = 15.2;
				MARKETING_VERSION = 1.0;
				PRODUCT_BUNDLE_IDENTIFIER = com.ching.MoneyTrackerTests;
				PRODUCT_NAME = "$(TARGET_NAME)";
				SWIFT_EMIT_LOC_STRINGS = NO;
				SWIFT_VERSION = 5.0;
				TARGETED_DEVICE_FAMILY = "1,2";
				TEST_HOST = "$(BUILT_PRODUCTS_DIR)/MoneyTracker.app/MoneyTracker";
			};
			name = Release;
		};
		113F15BB27DED95200D52C55 /* Debug */ = {
			isa = XCBuildConfiguration;
			buildSettings = {
				ALWAYS_EMBED_SWIFT_STANDARD_LIBRARIES = YES;
				CODE_SIGN_STYLE = Automatic;
				CURRENT_PROJECT_VERSION = 1;
				DEVELOPMENT_TEAM = 3JF6M2L57N;
				GENERATE_INFOPLIST_FILE = YES;
				MARKETING_VERSION = 1.0;
				PRODUCT_BUNDLE_IDENTIFIER = com.ching.MoneyTrackerUITests;
				PRODUCT_NAME = "$(TARGET_NAME)";
				SWIFT_EMIT_LOC_STRINGS = NO;
				SWIFT_VERSION = 5.0;
				TARGETED_DEVICE_FAMILY = "1,2";
				TEST_TARGET_NAME = MoneyTracker;
			};
			name = Debug;
		};
		113F15BC27DED95200D52C55 /* Release */ = {
			isa = XCBuildConfiguration;
			buildSettings = {
				ALWAYS_EMBED_SWIFT_STANDARD_LIBRARIES = YES;
				CODE_SIGN_STYLE = Automatic;
				CURRENT_PROJECT_VERSION = 1;
				DEVELOPMENT_TEAM = 3JF6M2L57N;
				GENERATE_INFOPLIST_FILE = YES;
				MARKETING_VERSION = 1.0;
				PRODUCT_BUNDLE_IDENTIFIER = com.ching.MoneyTrackerUITests;
				PRODUCT_NAME = "$(TARGET_NAME)";
				SWIFT_EMIT_LOC_STRINGS = NO;
				SWIFT_VERSION = 5.0;
				TARGETED_DEVICE_FAMILY = "1,2";
				TEST_TARGET_NAME = MoneyTracker;
			};
			name = Release;
		};
/* End XCBuildConfiguration section */

/* Begin XCConfigurationList section */
		113F158627DED95000D52C55 /* Build configuration list for PBXProject "MoneyTracker" */ = {
			isa = XCConfigurationList;
			buildConfigurations = (
				113F15B227DED95200D52C55 /* Debug */,
				113F15B327DED95200D52C55 /* Release */,
			);
			defaultConfigurationIsVisible = 0;
			defaultConfigurationName = Release;
		};
		113F15B427DED95200D52C55 /* Build configuration list for PBXNativeTarget "MoneyTracker" */ = {
			isa = XCConfigurationList;
			buildConfigurations = (
				113F15B527DED95200D52C55 /* Debug */,
				113F15B627DED95200D52C55 /* Release */,
			);
			defaultConfigurationIsVisible = 0;
			defaultConfigurationName = Release;
		};
		113F15B727DED95200D52C55 /* Build configuration list for PBXNativeTarget "MoneyTrackerTests" */ = {
			isa = XCConfigurationList;
			buildConfigurations = (
				113F15B827DED95200D52C55 /* Debug */,
				113F15B927DED95200D52C55 /* Release */,
			);
			defaultConfigurationIsVisible = 0;
			defaultConfigurationName = Release;
		};
		113F15BA27DED95200D52C55 /* Build configuration list for PBXNativeTarget "MoneyTrackerUITests" */ = {
			isa = XCConfigurationList;
			buildConfigurations = (
				113F15BB27DED95200D52C55 /* Debug */,
				113F15BC27DED95200D52C55 /* Release */,
			);
			defaultConfigurationIsVisible = 0;
			defaultConfigurationName = Release;
		};
/* End XCConfigurationList section */

/* Begin XCRemoteSwiftPackageReference section */
		1152188A2812E37600E8DA5A /* XCRemoteSwiftPackageReference "firebase-ios-sdk" */ = {
			isa = XCRemoteSwiftPackageReference;
			repositoryURL = "https://github.com/firebase/firebase-ios-sdk.git";
			requirement = {
				kind = exactVersion;
				version = 8.0.0;
			};
		};
/* End XCRemoteSwiftPackageReference section */

/* Begin XCSwiftPackageProductDependency section */
		1152188B2812E37600E8DA5A /* FirebaseAnalytics */ = {
			isa = XCSwiftPackageProductDependency;
			package = 1152188A2812E37600E8DA5A /* XCRemoteSwiftPackageReference "firebase-ios-sdk" */;
			productName = FirebaseAnalytics;
		};
		1152188D2812E37600E8DA5A /* FirebaseAnalyticsSwift-Beta */ = {
			isa = XCSwiftPackageProductDependency;
			package = 1152188A2812E37600E8DA5A /* XCRemoteSwiftPackageReference "firebase-ios-sdk" */;
			productName = "FirebaseAnalyticsSwift-Beta";
		};
		1152188F2812E37600E8DA5A /* FirebaseAuth */ = {
			isa = XCSwiftPackageProductDependency;
			package = 1152188A2812E37600E8DA5A /* XCRemoteSwiftPackageReference "firebase-ios-sdk" */;
			productName = FirebaseAuth;
		};
		115218912812E37600E8DA5A /* FirebaseCrashlytics */ = {
			isa = XCSwiftPackageProductDependency;
			package = 1152188A2812E37600E8DA5A /* XCRemoteSwiftPackageReference "firebase-ios-sdk" */;
			productName = FirebaseCrashlytics;
		};
		115218932812E37600E8DA5A /* FirebaseFirestore */ = {
			isa = XCSwiftPackageProductDependency;
			package = 1152188A2812E37600E8DA5A /* XCRemoteSwiftPackageReference "firebase-ios-sdk" */;
			productName = FirebaseFirestore;
		};
		115218952812E37600E8DA5A /* FirebaseFirestoreSwift-Beta */ = {
			isa = XCSwiftPackageProductDependency;
			package = 1152188A2812E37600E8DA5A /* XCRemoteSwiftPackageReference "firebase-ios-sdk" */;
			productName = "FirebaseFirestoreSwift-Beta";
		};
		115218972812E37600E8DA5A /* FirebaseRemoteConfig */ = {
			isa = XCSwiftPackageProductDependency;
			package = 1152188A2812E37600E8DA5A /* XCRemoteSwiftPackageReference "firebase-ios-sdk" */;
			productName = FirebaseRemoteConfig;
		};
		115218992812E37600E8DA5A /* FirebaseStorage */ = {
			isa = XCSwiftPackageProductDependency;
			package = 1152188A2812E37600E8DA5A /* XCRemoteSwiftPackageReference "firebase-ios-sdk" */;
			productName = FirebaseStorage;
		};
		1152189B2812E37600E8DA5A /* FirebaseStorageSwift-Beta */ = {
			isa = XCSwiftPackageProductDependency;
			package = 1152188A2812E37600E8DA5A /* XCRemoteSwiftPackageReference "firebase-ios-sdk" */;
			productName = "FirebaseStorageSwift-Beta";
		};
/* End XCSwiftPackageProductDependency section */

/* Begin XCVersionGroup section */
		113F159927DED95200D52C55 /* MoneyTracker.xcdatamodeld */ = {
			isa = XCVersionGroup;
			children = (
				113F159A27DED95200D52C55 /* MoneyTracker.xcdatamodel */,
			);
			currentVersion = 113F159A27DED95200D52C55 /* MoneyTracker.xcdatamodel */;
			path = MoneyTracker.xcdatamodeld;
			sourceTree = "<group>";
			versionGroupType = wrapper.xcdatamodel;
		};
/* End XCVersionGroup section */
	};
	rootObject = 113F158327DED95000D52C55 /* Project object */;
}
